
Microsoft Visual Studio Solution File, Format Version 12.00
# Visual Studio Version 16
VisualStudioVersion = 16.0.31129.286
MinimumVisualStudioVersion = 10.0.40219.1
Project("{FAE04EC0-301F-11D3-BF4B-00C04F79EFBC}") = "Server Dashboard", "Server Dashboard\Server Dashboard.csproj", "{1183B3CA-7F78-4749-B571-0BCF52EA4FCD}"
EndProject
Global
	GlobalSection(SolutionConfigurationPlatforms) = preSolution
		Debug|Any CPU = Debug|Any CPU
		Release|Any CPU = Release|Any CPU
	EndGlobalSection
	GlobalSection(ProjectConfigurationPlatforms) = postSolution
		{1183B3CA-7F78-4749-B571-0BCF52EA4FCD}.Debug|Any CPU.ActiveCfg = Debug|Any CPU
		{1183B3CA-7F78-4749-B571-0BCF52EA4FCD}.Debug|Any CPU.Build.0 = Debug|Any CPU
		{1183B3CA-7F78-4749-B571-0BCF52EA4FCD}.Release|Any CPU.ActiveCfg = Release|Any CPU
		{1183B3CA-7F78-4749-B571-0BCF52EA4FCD}.Release|Any CPU.Build.0 = Release|Any CPU
	EndGlobalSection
	GlobalSection(SolutionProperties) = preSolution
		HideSolutionNode = FALSE
	EndGlobalSection
	GlobalSection(ExtensibilityGlobals) = postSolution
		SolutionGuid = {A326C8A2-0AB9-4248-B7F3-720181D8A10E}
	EndGlobalSection
EndGlobal
